
Microsoft Visual Studio Solution File, Format Version 12.00
# Visual Studio Version 16
VisualStudioVersion = 16.0.30128.74
MinimumVisualStudioVersion = 10.0.40219.1
Project("{FAE04EC0-301F-11D3-BF4B-00C04F79EFBC}") = "DontCopyAlways", "DontCopyAlways\DontCopyAlways.csproj", "{F1C06C6B-0366-4620-A48F-E987D302D93F}"
EndProject
Project("{2150E333-8FDC-42A3-9474-1A3956D46DE8}") = "Solution Items", "Solution Items", "{C2625FE6-C7A6-4FC7-B251-81A4D133B2AC}"
	ProjectSection(SolutionItems) = preProject
		.editorconfig = .editorconfig
		explanation.md = explanation.md
		README.md = README.md
	EndProjectSection
EndProject
Global
	GlobalSection(SolutionConfigurationPlatforms) = preSolution
		Debug|Any CPU = Debug|Any CPU
		Release|Any CPU = Release|Any CPU
	EndGlobalSection
	GlobalSection(ProjectConfigurationPlatforms) = postSolution
		{F1C06C6B-0366-4620-A48F-E987D302D93F}.Debug|Any CPU.ActiveCfg = Debug|Any CPU
		{F1C06C6B-0366-4620-A48F-E987D302D93F}.Debug|Any CPU.Build.0 = Debug|Any CPU
		{F1C06C6B-0366-4620-A48F-E987D302D93F}.Release|Any CPU.ActiveCfg = Release|Any CPU
		{F1C06C6B-0366-4620-A48F-E987D302D93F}.Release|Any CPU.Build.0 = Release|Any CPU
	EndGlobalSection
	GlobalSection(SolutionProperties) = preSolution
		HideSolutionNode = FALSE
	EndGlobalSection
	GlobalSection(ExtensibilityGlobals) = postSolution
		SolutionGuid = {26B76F91-5875-4421-84CE-E7EED91F5699}
	EndGlobalSection
EndGlobal
